<Solution>
  <Folder Name="/bench/">
    <Project Path="bench/LexiSharp.Benchmarks/LexiSharp.Benchmarks.csproj" />
    <Project Path="bench/LexiSharp.Cli/LexiSharp.Cli.csproj" />
    <Project Path="bench/LexiSharp.Eval/LexiSharp.Eval.csproj" />
  </Folder>
  <Folder Name="/src/">
    <Project Path="src/LexiSharp/LexiSharp.csproj" />
    <Project Path="src/LexiSharp.AspNetCore/LexiSharp.AspNetCore.csproj" />
    <Project Path="src/LexiSharp.MessagePack/LexiSharp.MessagePack.csproj" />
    <Project Path="src/LexiSharp.Postgres/LexiSharp.Postgres.csproj" />
  </Folder>
  <Folder Name="/tests/">
    <Project Path="tests/LexiSharp.Tests/LexiSharp.Tests.csproj" />
  </Folder>
</Solution>
